
Microsoft Visual Studio Solution File, Format Version 12.00
# Visual Studio Version 16
VisualStudioVersion = 16.0.29424.173
MinimumVisualStudioVersion = 10.0.40219.1
Project("{FAE04EC0-301F-11D3-BF4B-00C04F79EFBC}") = "infbez3", "infbez3\infbez3.csproj", "{95307064-2C9A-40BC-B5FB-E3A90C1F5842}"
EndProject
Global
	GlobalSection(SolutionConfigurationPlatforms) = preSolution
		Debug|Any CPU = Debug|Any CPU
		Release|Any CPU = Release|Any CPU
	EndGlobalSection
	GlobalSection(ProjectConfigurationPlatforms) = postSolution
		{95307064-2C9A-40BC-B5FB-E3A90C1F5842}.Debug|Any CPU.ActiveCfg = Debug|Any CPU
		{95307064-2C9A-40BC-B5FB-E3A90C1F5842}.Debug|Any CPU.Build.0 = Debug|Any CPU
		{95307064-2C9A-40BC-B5FB-E3A90C1F5842}.Release|Any CPU.ActiveCfg = Release|Any CPU
		{95307064-2C9A-40BC-B5FB-E3A90C1F5842}.Release|Any CPU.Build.0 = Release|Any CPU
	EndGlobalSection
	GlobalSection(SolutionProperties) = preSolution
		HideSolutionNode = FALSE
	EndGlobalSection
	GlobalSection(ExtensibilityGlobals) = postSolution
		SolutionGuid = {41E3A6E0-5B9C-4855-A2AE-16C82BED54C9}
	EndGlobalSection
EndGlobal
